
Microsoft Visual Studio Solution File, Format Version 12.00
# Visual Studio Version 17
VisualStudioVersion = 17.6.33712.159
MinimumVisualStudioVersion = 10.0.40219.1
Project("{FAE04EC0-301F-11D3-BF4B-00C04F79EFBC}") = "Backend", "Backend.csproj", "{F7648D73-51F2-4ED4-9D96-9AD116196E0A}"
EndProject
Global
	GlobalSection(SolutionConfigurationPlatforms) = preSolution
		Debug|Any CPU = Debug|Any CPU
		Release|Any CPU = Release|Any CPU
	EndGlobalSection
	GlobalSection(ProjectConfigurationPlatforms) = postSolution
		{F7648D73-51F2-4ED4-9D96-9AD116196E0A}.Debug|Any CPU.ActiveCfg = Debug|Any CPU
		{F7648D73-51F2-4ED4-9D96-9AD116196E0A}.Debug|Any CPU.Build.0 = Debug|Any CPU
		{F7648D73-51F2-4ED4-9D96-9AD116196E0A}.Release|Any CPU.ActiveCfg = Release|Any CPU
		{F7648D73-51F2-4ED4-9D96-9AD116196E0A}.Release|Any CPU.Build.0 = Release|Any CPU
	EndGlobalSection
	GlobalSection(SolutionProperties) = preSolution
		HideSolutionNode = FALSE
	EndGlobalSection
	GlobalSection(ExtensibilityGlobals) = postSolution
		SolutionGuid = {5B775CE9-A4A7-420A-B96F-931401617AF3}
	EndGlobalSection
EndGlobal
